{
  "name": "toasterator",
  "lockfileVersion": 2,
  "requires": true,
  "packages": {
    "": {
      "name": "toasterator",
      "dependencies": {
        "hono": "^3.7.2"
      },
      "devDependencies": {
        "bun-types": "latest"
      },
      "peerDependencies": {
        "typescript": "^5.0.0"
      }
    },
    "node_modules/@types/node": {
      "version": "20.10.5",
      "resolved": "https://registry.npmjs.org/@types/node/-/node-20.10.5.tgz",
      "integrity": "sha512-nNPsNE65wjMxEKI93yOP+NPGGBJz/PoN3kZsVLee0XMiJolxSekEVD8wRwBUBqkwc7UWop0edW50yrCQW4CyRw==",
      "dev": true,
      "dependencies": {
        "undici-types": "~5.26.4"
      }
    },
    "node_modules/@types/node/node_modules/undici-types": {
      "version": "5.26.5",
      "resolved": "https://registry.npmjs.org/undici-types/-/undici-types-5.26.5.tgz",
      "integrity": "sha512-JlCMO+ehdEIKqlFxk6IfVoAUVmgz7cU7zD/h9XZ0qzeosSHmUJVOzSQvvYSYWXkFXC+IfLKSIffhv0sVZup6pA==",
      "dev": true
    },
    "node_modules/@types/ws": {
      "version": "8.5.10",
      "resolved": "https://registry.npmjs.org/@types/ws/-/ws-8.5.10.tgz",
      "integrity": "sha512-vmQSUcfalpIq0R9q7uTo2lXs6eGIpt9wtnLdMv9LVpIjCA/+ufZRozlVoVelIYixx1ugCBKDhn89vnsEGOCx9A==",
      "dev": true,
      "dependencies": {
        "@types/node": "*"
      }
    },
    "node_modules/bun-types": {
      "version": "1.0.20",
      "resolved": "https://registry.npmjs.org/bun-types/-/bun-types-1.0.20.tgz",
      "integrity": "sha512-MB9OwwwNDdolaPBX9TSEq/9WlexEH1n2d5G/fnre/sz0NAzoxYaOgd3cpxNmNGsExMbgxkccSLNcVPV0rrfunA==",
      "dev": true,
      "dependencies": {
        "@types/node": "*",
        "@types/ws": "*",
        "undici-types": "^5.26.4"
      }
    },
    "node_modules/hono": {
      "version": "3.11.11",
      "resolved": "https://registry.npmjs.org/hono/-/hono-3.11.11.tgz",
      "integrity": "sha512-E3Xv7LnOjg7VXiu+t+YplDEYXvkxpcTCzZ3RUFQlcNXclSME8aiQAYwWpJPT6MQRRpa4TG5RlOolqeYEDEK3wg==",
      "engines": {
        "node": ">=16.0.0"
      }
    },
    "node_modules/typescript": {
      "version": "5.3.3",
      "resolved": "https://registry.npmjs.org/typescript/-/typescript-5.3.3.tgz",
      "integrity": "sha512-pXWcraxM0uxAS+tN0AG/BF2TyqmHO014Z070UsJ+pFvYuRSq8KH8DmWpnbXe0pEPDHXZV3FcAbJkijJ5oNEnWw==",
      "peer": true,
      "bin": {
        "tsc": "bin/tsc",
        "tsserver": "bin/tsserver"
      },
      "engines": {
        "node": ">=14.17"
      }
    },
    "node_modules/undici-types": {
      "version": "5.28.2",
      "resolved": "https://registry.npmjs.org/undici-types/-/undici-types-5.28.2.tgz",
      "integrity": "sha512-W71OLwDqzIO0d3k07qg1xc7d4cX8SsSwuCO4bQ4V7ITwduXXie/lcImofabP5VV+NvuvSe8ovKvHVJcizVc1JA==",
      "dev": true
    }
  },
  "dependencies": {
    "@types/node": {
      "version": "20.10.5",
      "resolved": "https://registry.npmjs.org/@types/node/-/node-20.10.5.tgz",
      "integrity": "sha512-nNPsNE65wjMxEKI93yOP+NPGGBJz/PoN3kZsVLee0XMiJolxSekEVD8wRwBUBqkwc7UWop0edW50yrCQW4CyRw==",
      "dev": true,
      "requires": {
        "undici-types": "~5.26.4"
      },
      "dependencies": {
        "undici-types": {
          "version": "5.26.5",
          "resolved": "https://registry.npmjs.org/undici-types/-/undici-types-5.26.5.tgz",
          "integrity": "sha512-JlCMO+ehdEIKqlFxk6IfVoAUVmgz7cU7zD/h9XZ0qzeosSHmUJVOzSQvvYSYWXkFXC+IfLKSIffhv0sVZup6pA==",
          "dev": true
        }
      }
    },
    "@types/ws": {
      "version": "8.5.10",
      "resolved": "https://registry.npmjs.org/@types/ws/-/ws-8.5.10.tgz",
      "integrity": "sha512-vmQSUcfalpIq0R9q7uTo2lXs6eGIpt9wtnLdMv9LVpIjCA/+ufZRozlVoVelIYixx1ugCBKDhn89vnsEGOCx9A==",
      "dev": true,
      "requires": {
        "@types/node": "*"
      }
    },
    "bun-types": {
      "version": "1.0.20",
      "resolved": "https://registry.npmjs.org/bun-types/-/bun-types-1.0.20.tgz",
      "integrity": "sha512-MB9OwwwNDdolaPBX9TSEq/9WlexEH1n2d5G/fnre/sz0NAzoxYaOgd3cpxNmNGsExMbgxkccSLNcVPV0rrfunA==",
      "dev": true,
      "requires": {
        "@types/node": "*",
        "@types/ws": "*",
        "undici-types": "^5.26.4"
      }
    },
    "hono": {
      "version": "3.11.11",
      "resolved": "https://registry.npmjs.org/hono/-/hono-3.11.11.tgz",
      "integrity": "sha512-E3Xv7LnOjg7VXiu+t+YplDEYXvkxpcTCzZ3RUFQlcNXclSME8aiQAYwWpJPT6MQRRpa4TG5RlOolqeYEDEK3wg=="
    },
    "typescript": {
      "version": "5.3.3",
      "resolved": "https://registry.npmjs.org/typescript/-/typescript-5.3.3.tgz",
      "integrity": "sha512-pXWcraxM0uxAS+tN0AG/BF2TyqmHO014Z070UsJ+pFvYuRSq8KH8DmWpnbXe0pEPDHXZV3FcAbJkijJ5oNEnWw==",
      "peer": true
    },
    "undici-types": {
      "version": "5.28.2",
      "resolved": "https://registry.npmjs.org/undici-types/-/undici-types-5.28.2.tgz",
      "integrity": "sha512-W71OLwDqzIO0d3k07qg1xc7d4cX8SsSwuCO4bQ4V7ITwduXXie/lcImofabP5VV+NvuvSe8ovKvHVJcizVc1JA==",
      "dev": true
    }
  }
}
